// !$*UTF8*$!
{
	archiveVersion = 1;
	classes = {
	};
	objectVersion = 50;
	objects = {

/* Begin PBXBuildFile section */
		623E50F653917C4ACF031B9B /* libPods-AICamera-ObjC.a in Frameworks */ = {isa = PBXBuildFile; fileRef = 5B2A07270E4CEFDDDA6E2829 /* libPods-AICamera-ObjC.a */; };
		A040736922DACC1800F7C712 /* CameraHelper.mm in Sources */ = {isa = PBXBuildFile; fileRef = A040736822DACC1800F7C712 /* CameraHelper.mm */; };
		A070072622DA5B0800DC1E9F /* pytorch-logo-light.png in Resources */ = {isa = PBXBuildFile; fileRef = A070072522DA5B0800DC1E9F /* pytorch-logo-light.png */; };
		A070072822DA601E00DC1E9F /* Accelerate.framework in Frameworks */ = {isa = PBXBuildFile; fileRef = A070072722DA601E00DC1E9F /* Accelerate.framework */; };
		A0D76B4422D93830008FB575 /* ImagePredictor.mm in Sources */ = {isa = PBXBuildFile; fileRef = A0D76B4322D93830008FB575 /* ImagePredictor.mm */; };
		A0D7723F22D93F11008FB575 /* libc++.tbd in Frameworks */ = {isa = PBXBuildFile; fileRef = A0D7723E22D93F11008FB575 /* libc++.tbd */; };
		A0D7724322D94286008FB575 /* lables.txt in Resources */ = {isa = PBXBuildFile; fileRef = A0D7724122D94286008FB575 /* lables.txt */; };
		A0D7724422D94286008FB575 /* resnet18.pt in Resources */ = {isa = PBXBuildFile; fileRef = A0D7724222D94286008FB575 /* resnet18.pt */; };
		A0FDD44822D7A470000C4CEE /* AppDelegate.m in Sources */ = {isa = PBXBuildFile; fileRef = A0FDD44722D7A470000C4CEE /* AppDelegate.m */; };
		A0FDD44B22D7A470000C4CEE /* ViewController.mm in Sources */ = {isa = PBXBuildFile; fileRef = A0FDD44A22D7A470000C4CEE /* ViewController.mm */; };
		A0FDD44E22D7A470000C4CEE /* Main.storyboard in Resources */ = {isa = PBXBuildFile; fileRef = A0FDD44C22D7A470000C4CEE /* Main.storyboard */; };
		A0FDD45022D7A471000C4CEE /* Assets.xcassets in Resources */ = {isa = PBXBuildFile; fileRef = A0FDD44F22D7A471000C4CEE /* Assets.xcassets */; };
		A0FDD45322D7A471000C4CEE /* LaunchScreen.storyboard in Resources */ = {isa = PBXBuildFile; fileRef = A0FDD45122D7A471000C4CEE /* LaunchScreen.storyboard */; };
		A0FDD45622D7A471000C4CEE /* main.m in Sources */ = {isa = PBXBuildFile; fileRef = A0FDD45522D7A471000C4CEE /* main.m */; };
		A0FDD45E22D7CB54000C4CEE /* AVFoundation.framework in Frameworks */ = {isa = PBXBuildFile; fileRef = A0FDD45D22D7CB54000C4CEE /* AVFoundation.framework */; };
		A0FDD46222D7D5C8000C4CEE /* CameraPreview.m in Sources */ = {isa = PBXBuildFile; fileRef = A0FDD46122D7D5C8000C4CEE /* CameraPreview.m */; };
		A0FDD46522D7D7E7000C4CEE /* CameraSessionManager.mm in Sources */ = {isa = PBXBuildFile; fileRef = A0FDD46422D7D7E7000C4CEE /* CameraSessionManager.mm */; };
/* End PBXBuildFile section */

/* Begin PBXFileReference section */
		5B2A07270E4CEFDDDA6E2829 /* libPods-AICamera-ObjC.a */ = {isa = PBXFileReference; explicitFileType = archive.ar; includeInIndex = 0; path = "libPods-AICamera-ObjC.a"; sourceTree = BUILT_PRODUCTS_DIR; };
		8976B2675E129B761D77837F /* Pods-AICamera-ObjC.release.xcconfig */ = {isa = PBXFileReference; includeInIndex = 1; lastKnownFileType = text.xcconfig; name = "Pods-AICamera-ObjC.release.xcconfig"; path = "Target Support Files/Pods-AICamera-ObjC/Pods-AICamera-ObjC.release.xcconfig"; sourceTree = "<group>"; };
		A040736822DACC1800F7C712 /* CameraHelper.mm */ = {isa = PBXFileReference; lastKnownFileType = sourcecode.cpp.objcpp; path = CameraHelper.mm; sourceTree = "<group>"; };
		A070072422DA4D9B00DC1E9F /* CameraHelper.h */ = {isa = PBXFileReference; lastKnownFileType = sourcecode.c.h; path = CameraHelper.h; sourceTree = "<group>"; };
		A070072522DA5B0800DC1E9F /* pytorch-logo-light.png */ = {isa = PBXFileReference; lastKnownFileType = image.png; path = "pytorch-logo-light.png"; sourceTree = "<group>"; };
		A070072722DA601E00DC1E9F /* Accelerate.framework */ = {isa = PBXFileReference; lastKnownFileType = wrapper.framework; name = Accelerate.framework; path = System/Library/Frameworks/Accelerate.framework; sourceTree = SDKROOT; };
		A0D76B4222D93830008FB575 /* ImagePredictor.h */ = {isa = PBXFileReference; lastKnownFileType = sourcecode.c.h; path = ImagePredictor.h; sourceTree = "<group>"; };
		A0D76B4322D93830008FB575 /* ImagePredictor.mm */ = {isa = PBXFileReference; lastKnownFileType = sourcecode.cpp.objcpp; path = ImagePredictor.mm; sourceTree = "<group>"; };
		A0D7723E22D93F11008FB575 /* libc++.tbd */ = {isa = PBXFileReference; lastKnownFileType = "sourcecode.text-based-dylib-definition"; name = "libc++.tbd"; path = "usr/lib/libc++.tbd"; sourceTree = SDKROOT; };
		A0D7724122D94286008FB575 /* lables.txt */ = {isa = PBXFileReference; fileEncoding = 4; lastKnownFileType = text; path = lables.txt; sourceTree = "<group>"; };
		A0D7724222D94286008FB575 /* resnet18.pt */ = {isa = PBXFileReference; lastKnownFileType = file; path = resnet18.pt; sourceTree = "<group>"; };
		A0FDD44322D7A470000C4CEE /* AICamera-ObjC.app */ = {isa = PBXFileReference; explicitFileType = wrapper.application; includeInIndex = 0; path = "AICamera-ObjC.app"; sourceTree = BUILT_PRODUCTS_DIR; };
		A0FDD44622D7A470000C4CEE /* AppDelegate.h */ = {isa = PBXFileReference; lastKnownFileType = sourcecode.c.h; path = AppDelegate.h; sourceTree = "<group>"; };
		A0FDD44722D7A470000C4CEE /* AppDelegate.m */ = {isa = PBXFileReference; lastKnownFileType = sourcecode.c.objc; path = AppDelegate.m; sourceTree = "<group>"; };
		A0FDD44922D7A470000C4CEE /* ViewController.h */ = {isa = PBXFileReference; lastKnownFileType = sourcecode.c.h; path = ViewController.h; sourceTree = "<group>"; };
		A0FDD44A22D7A470000C4CEE /* ViewController.mm */ = {isa = PBXFileReference; lastKnownFileType = sourcecode.cpp.objcpp; path = ViewController.mm; sourceTree = "<group>"; };
		A0FDD44D22D7A470000C4CEE /* Base */ = {isa = PBXFileReference; lastKnownFileType = file.storyboard; name = Base; path = Base.lproj/Main.storyboard; sourceTree = "<group>"; };
		A0FDD44F22D7A471000C4CEE /* Assets.xcassets */ = {isa = PBXFileReference; lastKnownFileType = folder.assetcatalog; path = Assets.xcassets; sourceTree = "<group>"; };
		A0FDD45222D7A471000C4CEE /* Base */ = {isa = PBXFileReference; lastKnownFileType = file.storyboard; name = Base; path = Base.lproj/LaunchScreen.storyboard; sourceTree = "<group>"; };
		A0FDD45422D7A471000C4CEE /* Info.plist */ = {isa = PBXFileReference; lastKnownFileType = text.plist.xml; path = Info.plist; sourceTree = "<group>"; };
		A0FDD45522D7A471000C4CEE /* main.m */ = {isa = PBXFileReference; lastKnownFileType = sourcecode.c.objc; path = main.m; sourceTree = "<group>"; };
		A0FDD45D22D7CB54000C4CEE /* AVFoundation.framework */ = {isa = PBXFileReference; lastKnownFileType = wrapper.framework; name = AVFoundation.framework; path = System/Library/Frameworks/AVFoundation.framework; sourceTree = SDKROOT; };
		A0FDD46022D7D5C8000C4CEE /* CameraPreview.h */ = {isa = PBXFileReference; lastKnownFileType = sourcecode.c.h; path = CameraPreview.h; sourceTree = "<group>"; };
		A0FDD46122D7D5C8000C4CEE /* CameraPreview.m */ = {isa = PBXFileReference; lastKnownFileType = sourcecode.c.objc; path = CameraPreview.m; sourceTree = "<group>"; };
		A0FDD46322D7D7E7000C4CEE /* CameraSessionManager.h */ = {isa = PBXFileReference; lastKnownFileType = sourcecode.c.h; path = CameraSessionManager.h; sourceTree = "<group>"; };
		A0FDD46422D7D7E7000C4CEE /* CameraSessionManager.mm */ = {isa = PBXFileReference; lastKnownFileType = sourcecode.cpp.objcpp; path = CameraSessionManager.mm; sourceTree = "<group>"; };
		DF4E8F9C049B7EDCC9FA9DCA /* Pods-AICamera-ObjC.debug.xcconfig */ = {isa = PBXFileReference; includeInIndex = 1; lastKnownFileType = text.xcconfig; name = "Pods-AICamera-ObjC.debug.xcconfig"; path = "Target Support Files/Pods-AICamera-ObjC/Pods-AICamera-ObjC.debug.xcconfig"; sourceTree = "<group>"; };
/* End PBXFileReference section */

/* Begin PBXFrameworksBuildPhase section */
		A0FDD44022D7A470000C4CEE /* Frameworks */ = {
			isa = PBXFrameworksBuildPhase;
			buildActionMask = 2147483647;
			files = (
				A070072822DA601E00DC1E9F /* Accelerate.framework in Frameworks */,
				A0D7723F22D93F11008FB575 /* libc++.tbd in Frameworks */,
				A0FDD45E22D7CB54000C4CEE /* AVFoundation.framework in Frameworks */,
				623E50F653917C4ACF031B9B /* libPods-AICamera-ObjC.a in Frameworks */,
			);
			runOnlyForDeploymentPostprocessing = 0;
		};
/* End PBXFrameworksBuildPhase section */

/* Begin PBXGroup section */
		65ED8302473589C6CBCF28F9 /* Pods */ = {
			isa = PBXGroup;
			children = (
				DF4E8F9C049B7EDCC9FA9DCA /* Pods-AICamera-ObjC.debug.xcconfig */,
				8976B2675E129B761D77837F /* Pods-AICamera-ObjC.release.xcconfig */,
			);
			path = Pods;
			sourceTree = "<group>";
		};
		A0D7724022D94286008FB575 /* models */ = {
			isa = PBXGroup;
			children = (
				A0D76B4222D93830008FB575 /* ImagePredictor.h */,
				A0D76B4322D93830008FB575 /* ImagePredictor.mm */,
				A0D7724122D94286008FB575 /* lables.txt */,
				A0D7724222D94286008FB575 /* resnet18.pt */,
			);
			path = models;
			sourceTree = "<group>";
		};
		A0FDD43A22D7A470000C4CEE = {
			isa = PBXGroup;
			children = (
				A0FDD44522D7A470000C4CEE /* AICamera-ObjC */,
				A0FDD44422D7A470000C4CEE /* Products */,
				A0FDD45C22D7CB54000C4CEE /* Frameworks */,
				65ED8302473589C6CBCF28F9 /* Pods */,
			);
			sourceTree = "<group>";
		};
		A0FDD44422D7A470000C4CEE /* Products */ = {
			isa = PBXGroup;
			children = (
				A0FDD44322D7A470000C4CEE /* AICamera-ObjC.app */,
			);
			name = Products;
			sourceTree = "<group>";
		};
		A0FDD44522D7A470000C4CEE /* AICamera-ObjC */ = {
			isa = PBXGroup;
			children = (
				A070072522DA5B0800DC1E9F /* pytorch-logo-light.png */,
				A0D7724022D94286008FB575 /* models */,
				A0FDD45F22D7D40B000C4CEE /* Camera */,
				A0FDD44622D7A470000C4CEE /* AppDelegate.h */,
				A0FDD44722D7A470000C4CEE /* AppDelegate.m */,
				A0FDD44922D7A470000C4CEE /* ViewController.h */,
				A0FDD44A22D7A470000C4CEE /* ViewController.mm */,
				A0FDD44C22D7A470000C4CEE /* Main.storyboard */,
				A0FDD44F22D7A471000C4CEE /* Assets.xcassets */,
				A0FDD45122D7A471000C4CEE /* LaunchScreen.storyboard */,
				A0FDD45422D7A471000C4CEE /* Info.plist */,
				A0FDD45522D7A471000C4CEE /* main.m */,
			);
			path = "AICamera-ObjC";
			sourceTree = "<group>";
		};
		A0FDD45C22D7CB54000C4CEE /* Frameworks */ = {
			isa = PBXGroup;
			children = (
				A070072722DA601E00DC1E9F /* Accelerate.framework */,
				A0D7723E22D93F11008FB575 /* libc++.tbd */,
				A0FDD45D22D7CB54000C4CEE /* AVFoundation.framework */,
				5B2A07270E4CEFDDDA6E2829 /* libPods-AICamera-ObjC.a */,
			);
			name = Frameworks;
			sourceTree = "<group>";
		};
		A0FDD45F22D7D40B000C4CEE /* Camera */ = {
			isa = PBXGroup;
			children = (
				A0FDD46022D7D5C8000C4CEE /* CameraPreview.h */,
				A0FDD46122D7D5C8000C4CEE /* CameraPreview.m */,
				A0FDD46322D7D7E7000C4CEE /* CameraSessionManager.h */,
				A0FDD46422D7D7E7000C4CEE /* CameraSessionManager.mm */,
				A070072422DA4D9B00DC1E9F /* CameraHelper.h */,
				A040736822DACC1800F7C712 /* CameraHelper.mm */,
			);
			path = Camera;
			sourceTree = "<group>";
		};
/* End PBXGroup section */

/* Begin PBXNativeTarget section */
		A0FDD44222D7A470000C4CEE /* AICamera-ObjC */ = {
			isa = PBXNativeTarget;
			buildConfigurationList = A0FDD45922D7A471000C4CEE /* Build configuration list for PBXNativeTarget "AICamera-ObjC" */;
			buildPhases = (
				A7F9D7DAFBAD8DFB86570FA9 /* [CP] Check Pods Manifest.lock */,
				A0FDD43F22D7A470000C4CEE /* Sources */,
				A0FDD44022D7A470000C4CEE /* Frameworks */,
				A0FDD44122D7A470000C4CEE /* Resources */,
			);
			buildRules = (
			);
			dependencies = (
			);
			name = "AICamera-ObjC";
			productName = "AICamera-ObjC";
			productReference = A0FDD44322D7A470000C4CEE /* AICamera-ObjC.app */;
			productType = "com.apple.product-type.application";
		};
/* End PBXNativeTarget section */

/* Begin PBXProject section */
		A0FDD43B22D7A470000C4CEE /* Project object */ = {
			isa = PBXProject;
			attributes = {
				LastUpgradeCheck = 1020;
				TargetAttributes = {
					A0FDD44222D7A470000C4CEE = {
						CreatedOnToolsVersion = 10.2.1;
					};
				};
			};
			buildConfigurationList = A0FDD43E22D7A470000C4CEE /* Build configuration list for PBXProject "AICamera-ObjC" */;
			compatibilityVersion = "Xcode 9.3";
			developmentRegion = en;
			hasScannedForEncodings = 0;
			knownRegions = (
				en,
				Base,
			);
			mainGroup = A0FDD43A22D7A470000C4CEE;
			productRefGroup = A0FDD44422D7A470000C4CEE /* Products */;
			projectDirPath = "";
			projectRoot = "";
			targets = (
				A0FDD44222D7A470000C4CEE /* AICamera-ObjC */,
			);
		};
/* End PBXProject section */

/* Begin PBXResourcesBuildPhase section */
		A0FDD44122D7A470000C4CEE /* Resources */ = {
			isa = PBXResourcesBuildPhase;
			buildActionMask = 2147483647;
			files = (
				A0D7724422D94286008FB575 /* resnet18.pt in Resources */,
				A070072622DA5B0800DC1E9F /* pytorch-logo-light.png in Resources */,
				A0FDD45322D7A471000C4CEE /* LaunchScreen.storyboard in Resources */,
				A0D7724322D94286008FB575 /* lables.txt in Resources */,
				A0FDD45022D7A471000C4CEE /* Assets.xcassets in Resources */,
				A0FDD44E22D7A470000C4CEE /* Main.storyboard in Resources */,
			);
			runOnlyForDeploymentPostprocessing = 0;
		};
/* End PBXResourcesBuildPhase section */

/* Begin PBXShellScriptBuildPhase section */
		A7F9D7DAFBAD8DFB86570FA9 /* [CP] Check Pods Manifest.lock */ = {
			isa = PBXShellScriptBuildPhase;
			buildActionMask = 2147483647;
			files = (
			);
			inputFileListPaths = (
			);
			inputPaths = (
				"${PODS_PODFILE_DIR_PATH}/Podfile.lock",
				"${PODS_ROOT}/Manifest.lock",
			);
			name = "[CP] Check Pods Manifest.lock";
			outputFileListPaths = (
			);
			outputPaths = (
				"$(DERIVED_FILE_DIR)/Pods-AICamera-ObjC-checkManifestLockResult.txt",
			);
			runOnlyForDeploymentPostprocessing = 0;
			shellPath = /bin/sh;
			shellScript = "diff \"${PODS_PODFILE_DIR_PATH}/Podfile.lock\" \"${PODS_ROOT}/Manifest.lock\" > /dev/null\nif [ $? != 0 ] ; then\n    # print error to STDERR\n    echo \"error: The sandbox is not in sync with the Podfile.lock. Run 'pod install' or update your CocoaPods installation.\" >&2\n    exit 1\nfi\n# This output is used by Xcode 'outputs' to avoid re-running this script phase.\necho \"SUCCESS\" > \"${SCRIPT_OUTPUT_FILE_0}\"\n";
			showEnvVarsInLog = 0;
		};
/* End PBXShellScriptBuildPhase section */

/* Begin PBXSourcesBuildPhase section */
		A0FDD43F22D7A470000C4CEE /* Sources */ = {
			isa = PBXSourcesBuildPhase;
			buildActionMask = 2147483647;
			files = (
				A0FDD44B22D7A470000C4CEE /* ViewController.mm in Sources */,
				A0FDD46522D7D7E7000C4CEE /* CameraSessionManager.mm in Sources */,
				A040736922DACC1800F7C712 /* CameraHelper.mm in Sources */,
				A0D76B4422D93830008FB575 /* ImagePredictor.mm in Sources */,
				A0FDD46222D7D5C8000C4CEE /* CameraPreview.m in Sources */,
				A0FDD45622D7A471000C4CEE /* main.m in Sources */,
				A0FDD44822D7A470000C4CEE /* AppDelegate.m in Sources */,
			);
			runOnlyForDeploymentPostprocessing = 0;
		};
/* End PBXSourcesBuildPhase section */

/* Begin PBXVariantGroup section */
		A0FDD44C22D7A470000C4CEE /* Main.storyboard */ = {
			isa = PBXVariantGroup;
			children = (
				A0FDD44D22D7A470000C4CEE /* Base */,
			);
			name = Main.storyboard;
			sourceTree = "<group>";
		};
		A0FDD45122D7A471000C4CEE /* LaunchScreen.storyboard */ = {
			isa = PBXVariantGroup;
			children = (
				A0FDD45222D7A471000C4CEE /* Base */,
			);
			name = LaunchScreen.storyboard;
			sourceTree = "<group>";
		};
/* End PBXVariantGroup section */

/* Begin XCBuildConfiguration section */
		A0FDD45722D7A471000C4CEE /* Debug */ = {
			isa = XCBuildConfiguration;
			buildSettings = {
				ALWAYS_SEARCH_USER_PATHS = NO;
				CLANG_ANALYZER_NONNULL = YES;
				CLANG_ANALYZER_NUMBER_OBJECT_CONVERSION = YES_AGGRESSIVE;
				CLANG_CXX_LANGUAGE_STANDARD = "gnu++14";
				CLANG_CXX_LIBRARY = "libc++";
				CLANG_ENABLE_MODULES = YES;
				CLANG_ENABLE_OBJC_ARC = YES;
				CLANG_ENABLE_OBJC_WEAK = YES;
				CLANG_WARN_BLOCK_CAPTURE_AUTORELEASING = YES;
				CLANG_WARN_BOOL_CONVERSION = YES;
				CLANG_WARN_COMMA = YES;
				CLANG_WARN_CONSTANT_CONVERSION = YES;
				CLANG_WARN_DEPRECATED_OBJC_IMPLEMENTATIONS = YES;
				CLANG_WARN_DIRECT_OBJC_ISA_USAGE = YES_ERROR;
				CLANG_WARN_DOCUMENTATION_COMMENTS = YES;
				CLANG_WARN_EMPTY_BODY = YES;
				CLANG_WARN_ENUM_CONVERSION = YES;
				CLANG_WARN_INFINITE_RECURSION = YES;
				CLANG_WARN_INT_CONVERSION = YES;
				CLANG_WARN_NON_LITERAL_NULL_CONVERSION = YES;
				CLANG_WARN_OBJC_IMPLICIT_RETAIN_SELF = YES;
				CLANG_WARN_OBJC_LITERAL_CONVERSION = YES;
				CLANG_WARN_OBJC_ROOT_CLASS = YES_ERROR;
				CLANG_WARN_RANGE_LOOP_ANALYSIS = YES;
				CLANG_WARN_STRICT_PROTOTYPES = YES;
				CLANG_WARN_SUSPICIOUS_MOVE = YES;
				CLANG_WARN_UNGUARDED_AVAILABILITY = YES_AGGRESSIVE;
				CLANG_WARN_UNREACHABLE_CODE = YES;
				CLANG_WARN__DUPLICATE_METHOD_MATCH = YES;
				CODE_SIGN_IDENTITY = "iPhone Developer";
				COPY_PHASE_STRIP = NO;
				DEBUG_INFORMATION_FORMAT = dwarf;
				ENABLE_STRICT_OBJC_MSGSEND = YES;
				ENABLE_TESTABILITY = YES;
				GCC_C_LANGUAGE_STANDARD = gnu11;
				GCC_DYNAMIC_NO_PIC = NO;
				GCC_NO_COMMON_BLOCKS = YES;
				GCC_OPTIMIZATION_LEVEL = 0;
				GCC_PREPROCESSOR_DEFINITIONS = (
					"DEBUG=1",
					"$(inherited)",
				);
				GCC_WARN_64_TO_32_BIT_CONVERSION = YES;
				GCC_WARN_ABOUT_RETURN_TYPE = YES_ERROR;
				GCC_WARN_UNDECLARED_SELECTOR = YES;
				GCC_WARN_UNINITIALIZED_AUTOS = YES_AGGRESSIVE;
				GCC_WARN_UNUSED_FUNCTION = YES;
				GCC_WARN_UNUSED_VARIABLE = YES;
				IPHONEOS_DEPLOYMENT_TARGET = 12.2;
				MTL_ENABLE_DEBUG_INFO = INCLUDE_SOURCE;
				MTL_FAST_MATH = YES;
				ONLY_ACTIVE_ARCH = YES;
				SDKROOT = iphoneos;
			};
			name = Debug;
		};
		A0FDD45822D7A471000C4CEE /* Release */ = {
			isa = XCBuildConfiguration;
			buildSettings = {
				ALWAYS_SEARCH_USER_PATHS = NO;
				CLANG_ANALYZER_NONNULL = YES;
				CLANG_ANALYZER_NUMBER_OBJECT_CONVERSION = YES_AGGRESSIVE;
				CLANG_CXX_LANGUAGE_STANDARD = "gnu++14";
				CLANG_CXX_LIBRARY = "libc++";
				CLANG_ENABLE_MODULES = YES;
				CLANG_ENABLE_OBJC_ARC = YES;
				CLANG_ENABLE_OBJC_WEAK = YES;
				CLANG_WARN_BLOCK_CAPTURE_AUTORELEASING = YES;
				CLANG_WARN_BOOL_CONVERSION = YES;
				CLANG_WARN_COMMA = YES;
				CLANG_WARN_CONSTANT_CONVERSION = YES;
				CLANG_WARN_DEPRECATED_OBJC_IMPLEMENTATIONS = YES;
				CLANG_WARN_DIRECT_OBJC_ISA_USAGE = YES_ERROR;
				CLANG_WARN_DOCUMENTATION_COMMENTS = YES;
				CLANG_WARN_EMPTY_BODY = YES;
				CLANG_WARN_ENUM_CONVERSION = YES;
				CLANG_WARN_INFINITE_RECURSION = YES;
				CLANG_WARN_INT_CONVERSION = YES;
				CLANG_WARN_NON_LITERAL_NULL_CONVERSION = YES;
				CLANG_WARN_OBJC_IMPLICIT_RETAIN_SELF = YES;
				CLANG_WARN_OBJC_LITERAL_CONVERSION = YES;
				CLANG_WARN_OBJC_ROOT_CLASS = YES_ERROR;
				CLANG_WARN_RANGE_LOOP_ANALYSIS = YES;
				CLANG_WARN_STRICT_PROTOTYPES = YES;
				CLANG_WARN_SUSPICIOUS_MOVE = YES;
				CLANG_WARN_UNGUARDED_AVAILABILITY = YES_AGGRESSIVE;
				CLANG_WARN_UNREACHABLE_CODE = YES;
				CLANG_WARN__DUPLICATE_METHOD_MATCH = YES;
				CODE_SIGN_IDENTITY = "iPhone Developer";
				COPY_PHASE_STRIP = NO;
				DEBUG_INFORMATION_FORMAT = "dwarf-with-dsym";
				ENABLE_NS_ASSERTIONS = NO;
				ENABLE_STRICT_OBJC_MSGSEND = YES;
				GCC_C_LANGUAGE_STANDARD = gnu11;
				GCC_NO_COMMON_BLOCKS = YES;
				GCC_WARN_64_TO_32_BIT_CONVERSION = YES;
				GCC_WARN_ABOUT_RETURN_TYPE = YES_ERROR;
				GCC_WARN_UNDECLARED_SELECTOR = YES;
				GCC_WARN_UNINITIALIZED_AUTOS = YES_AGGRESSIVE;
				GCC_WARN_UNUSED_FUNCTION = YES;
				GCC_WARN_UNUSED_VARIABLE = YES;
				IPHONEOS_DEPLOYMENT_TARGET = 12.2;
				MTL_ENABLE_DEBUG_INFO = NO;
				MTL_FAST_MATH = YES;
				SDKROOT = iphoneos;
				VALIDATE_PRODUCT = YES;
			};
			name = Release;
		};
		A0FDD45A22D7A471000C4CEE /* Debug */ = {
			isa = XCBuildConfiguration;
			baseConfigurationReference = DF4E8F9C049B7EDCC9FA9DCA /* Pods-AICamera-ObjC.debug.xcconfig */;
			buildSettings = {
				ASSETCATALOG_COMPILER_APPICON_NAME = AppIcon;
				CODE_SIGN_STYLE = Automatic;
				COPY_PHASE_STRIP = NO;
				DEAD_CODE_STRIPPING = NO;
				DEVELOPMENT_TEAM = GW8XWHWQR7;
				ENABLE_BITCODE = NO;
				FRAMEWORK_SEARCH_PATHS = "$(inherited)";
				GCC_GENERATE_DEBUGGING_SYMBOLS = YES;
				GCC_OPTIMIZATION_LEVEL = 0;
				HEADER_SEARCH_PATHS = "$(inherited)";
				INFOPLIST_FILE = "AICamera-ObjC/Info.plist";
				LD_RUNPATH_SEARCH_PATHS = (
					"$(inherited)",
					"@executable_path/Frameworks",
				);
				LIBRARY_SEARCH_PATHS = "$(inherited)";
				LLVM_LTO = NO;
				OTHER_LDFLAGS = "$(inherited)";
				PRODUCT_BUNDLE_IDENTIFIER = "com..AICamera-ObjC.1";
				PRODUCT_NAME = "$(TARGET_NAME)";
				STRIP_STYLE = debugging;
				TARGETED_DEVICE_FAMILY = "1,2";
				VALID_ARCHS = "arm64 arm64e";
			};
			name = Debug;
		};
		A0FDD45B22D7A471000C4CEE /* Release */ = {
			isa = XCBuildConfiguration;
			baseConfigurationReference = 8976B2675E129B761D77837F /* Pods-AICamera-ObjC.release.xcconfig */;
			buildSettings = {
				ASSETCATALOG_COMPILER_APPICON_NAME = AppIcon;
				CODE_SIGN_STYLE = Automatic;
				COPY_PHASE_STRIP = NO;
				DEAD_CODE_STRIPPING = NO;
				DEVELOPMENT_TEAM = GW8XWHWQR7;
				ENABLE_BITCODE = NO;
				FRAMEWORK_SEARCH_PATHS = "$(inherited)";
				GCC_GENERATE_DEBUGGING_SYMBOLS = YES;
				HEADER_SEARCH_PATHS = "$(inherited)";
				INFOPLIST_FILE = "AICamera-ObjC/Info.plist";
				LD_RUNPATH_SEARCH_PATHS = (
					"$(inherited)",
					"@executable_path/Frameworks",
				);
				LIBRARY_SEARCH_PATHS = "$(inherited)";
				LLVM_LTO = NO;
				OTHER_LDFLAGS = "$(inherited)";
				PRODUCT_BUNDLE_IDENTIFIER = "com..AICamera-ObjC.1";
				PRODUCT_NAME = "$(TARGET_NAME)";
				STRIP_STYLE = debugging;
				TARGETED_DEVICE_FAMILY = "1,2";
				VALID_ARCHS = "arm64 arm64e";
			};
			name = Release;
		};
/* End XCBuildConfiguration section */

/* Begin XCConfigurationList section */
		A0FDD43E22D7A470000C4CEE /* Build configuration list for PBXProject "AICamera-ObjC" */ = {
			isa = XCConfigurationList;
			buildConfigurations = (
				A0FDD45722D7A471000C4CEE /* Debug */,
				A0FDD45822D7A471000C4CEE /* Release */,
			);
			defaultConfigurationIsVisible = 0;
			defaultConfigurationName = Release;
		};
		A0FDD45922D7A471000C4CEE /* Build configuration list for PBXNativeTarget "AICamera-ObjC" */ = {
			isa = XCConfigurationList;
			buildConfigurations = (
				A0FDD45A22D7A471000C4CEE /* Debug */,
				A0FDD45B22D7A471000C4CEE /* Release */,
			);
			defaultConfigurationIsVisible = 0;
			defaultConfigurationName = Release;
		};
/* End XCConfigurationList section */
	};
	rootObject = A0FDD43B22D7A470000C4CEE /* Project object */;
}
